
Microsoft Visual Studio Solution File, Format Version 12.00
# Visual Studio Version 17
VisualStudioVersion = 17.14.36121.58
MinimumVisualStudioVersion = 10.0.40219.1
Project("{FAE04EC0-301F-11D3-BF4B-00C04F79EFBC}") = "Shortly.API", "Shortly\Shortly.API.csproj", "{FFBDAD0A-15DD-41D5-B437-AB957B9966D8}"
EndProject
Project("{FAE04EC0-301F-11D3-BF4B-00C04F79EFBC}") = "Shortly.API.Tests", "Shortly.API.Tests\Shortly.API.Tests.csproj", "{3EEC4FF9-D581-4E09-BE53-B511F503E952}"
EndProject
Global
	GlobalSection(SolutionConfigurationPlatforms) = preSolution
		Debug|Any CPU = Debug|Any CPU
		Release|Any CPU = Release|Any CPU
	EndGlobalSection
	GlobalSection(ProjectConfigurationPlatforms) = postSolution
		{FFBDAD0A-15DD-41D5-B437-AB957B9966D8}.Debug|Any CPU.ActiveCfg = Debug|Any CPU
		{FFBDAD0A-15DD-41D5-B437-AB957B9966D8}.Debug|Any CPU.Build.0 = Debug|Any CPU
		{FFBDAD0A-15DD-41D5-B437-AB957B9966D8}.Release|Any CPU.ActiveCfg = Release|Any CPU
		{FFBDAD0A-15DD-41D5-B437-AB957B9966D8}.Release|Any CPU.Build.0 = Release|Any CPU
		{3EEC4FF9-D581-4E09-BE53-B511F503E952}.Debug|Any CPU.ActiveCfg = Debug|Any CPU
		{3EEC4FF9-D581-4E09-BE53-B511F503E952}.Debug|Any CPU.Build.0 = Debug|Any CPU
		{3EEC4FF9-D581-4E09-BE53-B511F503E952}.Release|Any CPU.ActiveCfg = Release|Any CPU
		{3EEC4FF9-D581-4E09-BE53-B511F503E952}.Release|Any CPU.Build.0 = Release|Any CPU
	EndGlobalSection
	GlobalSection(SolutionProperties) = preSolution
		HideSolutionNode = FALSE
	EndGlobalSection
	GlobalSection(ExtensibilityGlobals) = postSolution
		SolutionGuid = {C55E0AA4-AF65-4DEC-81FA-CD6265798238}
	EndGlobalSection
EndGlobal
